
Microsoft Visual Studio Solution File, Format Version 12.00
# Visual Studio Version 17
VisualStudioVersion = 17.9.34622.214
MinimumVisualStudioVersion = 10.0.40219.1
Project("{FAE04EC0-301F-11D3-BF4B-00C04F79EFBC}") = "homework", "homework.csproj", "{7E25218C-EED8-4CC7-8802-D3E8CF901000}"
EndProject
Global
	GlobalSection(SolutionConfigurationPlatforms) = preSolution
		Debug|Any CPU = Debug|Any CPU
		Release|Any CPU = Release|Any CPU
	EndGlobalSection
	GlobalSection(ProjectConfigurationPlatforms) = postSolution
		{7E25218C-EED8-4CC7-8802-D3E8CF901000}.Debug|Any CPU.ActiveCfg = Debug|Any CPU
		{7E25218C-EED8-4CC7-8802-D3E8CF901000}.Debug|Any CPU.Build.0 = Debug|Any CPU
		{7E25218C-EED8-4CC7-8802-D3E8CF901000}.Release|Any CPU.ActiveCfg = Release|Any CPU
		{7E25218C-EED8-4CC7-8802-D3E8CF901000}.Release|Any CPU.Build.0 = Release|Any CPU
	EndGlobalSection
	GlobalSection(SolutionProperties) = preSolution
		HideSolutionNode = FALSE
	EndGlobalSection
	GlobalSection(ExtensibilityGlobals) = postSolution
		SolutionGuid = {328AA83B-58D4-4141-BA39-63493B034803}
	EndGlobalSection
EndGlobal
