
Microsoft Visual Studio Solution File, Format Version 12.00
# Visual Studio Version 17
VisualStudioVersion = 17.9.34622.214
MinimumVisualStudioVersion = 10.0.40219.1
Project("{FAE04EC0-301F-11D3-BF4B-00C04F79EFBC}") = "homework", "homework.csproj", "{9577424E-B23D-4609-BF8E-0DEC085B8510}"
EndProject
Global
	GlobalSection(SolutionConfigurationPlatforms) = preSolution
		Debug|Any CPU = Debug|Any CPU
		Release|Any CPU = Release|Any CPU
	EndGlobalSection
	GlobalSection(ProjectConfigurationPlatforms) = postSolution
		{9577424E-B23D-4609-BF8E-0DEC085B8510}.Debug|Any CPU.ActiveCfg = Debug|Any CPU
		{9577424E-B23D-4609-BF8E-0DEC085B8510}.Debug|Any CPU.Build.0 = Debug|Any CPU
		{9577424E-B23D-4609-BF8E-0DEC085B8510}.Release|Any CPU.ActiveCfg = Release|Any CPU
		{9577424E-B23D-4609-BF8E-0DEC085B8510}.Release|Any CPU.Build.0 = Release|Any CPU
	EndGlobalSection
	GlobalSection(SolutionProperties) = preSolution
		HideSolutionNode = FALSE
	EndGlobalSection
	GlobalSection(ExtensibilityGlobals) = postSolution
		SolutionGuid = {ED6CFAFC-71A0-4C0E-B723-B6CF465CBD5A}
	EndGlobalSection
EndGlobal
