
Microsoft Visual Studio Solution File, Format Version 12.00
# Visual Studio Version 17
VisualStudioVersion = 17.9.34728.123
MinimumVisualStudioVersion = 10.0.40219.1
Project("{FAE04EC0-301F-11D3-BF4B-00C04F79EFBC}") = "Task1", "Task1.csproj", "{BD6224CF-B34D-4FB8-A4C6-8EB1D292187B}"
EndProject
Global
	GlobalSection(SolutionConfigurationPlatforms) = preSolution
		Debug|Any CPU = Debug|Any CPU
		Release|Any CPU = Release|Any CPU
	EndGlobalSection
	GlobalSection(ProjectConfigurationPlatforms) = postSolution
		{BD6224CF-B34D-4FB8-A4C6-8EB1D292187B}.Debug|Any CPU.ActiveCfg = Debug|Any CPU
		{BD6224CF-B34D-4FB8-A4C6-8EB1D292187B}.Debug|Any CPU.Build.0 = Debug|Any CPU
		{BD6224CF-B34D-4FB8-A4C6-8EB1D292187B}.Release|Any CPU.ActiveCfg = Release|Any CPU
		{BD6224CF-B34D-4FB8-A4C6-8EB1D292187B}.Release|Any CPU.Build.0 = Release|Any CPU
	EndGlobalSection
	GlobalSection(SolutionProperties) = preSolution
		HideSolutionNode = FALSE
	EndGlobalSection
	GlobalSection(ExtensibilityGlobals) = postSolution
		SolutionGuid = {45E09A14-2FEA-4A88-AA99-18F52FD7D3B7}
	EndGlobalSection
EndGlobal
