
Microsoft Visual Studio Solution File, Format Version 12.00
# Visual Studio Version 17
VisualStudioVersion = 17.9.34622.214
MinimumVisualStudioVersion = 10.0.40219.1
Project("{FAE04EC0-301F-11D3-BF4B-00C04F79EFBC}") = "homework", "homework.csproj", "{F62E86A2-C4A7-4680-9892-CCB6E5727AA6}"
EndProject
Global
	GlobalSection(SolutionConfigurationPlatforms) = preSolution
		Debug|Any CPU = Debug|Any CPU
		Release|Any CPU = Release|Any CPU
	EndGlobalSection
	GlobalSection(ProjectConfigurationPlatforms) = postSolution
		{F62E86A2-C4A7-4680-9892-CCB6E5727AA6}.Debug|Any CPU.ActiveCfg = Debug|Any CPU
		{F62E86A2-C4A7-4680-9892-CCB6E5727AA6}.Debug|Any CPU.Build.0 = Debug|Any CPU
		{F62E86A2-C4A7-4680-9892-CCB6E5727AA6}.Release|Any CPU.ActiveCfg = Release|Any CPU
		{F62E86A2-C4A7-4680-9892-CCB6E5727AA6}.Release|Any CPU.Build.0 = Release|Any CPU
	EndGlobalSection
	GlobalSection(SolutionProperties) = preSolution
		HideSolutionNode = FALSE
	EndGlobalSection
	GlobalSection(ExtensibilityGlobals) = postSolution
		SolutionGuid = {7C0CCC61-F750-4B7E-A406-5EC7BA868576}
	EndGlobalSection
EndGlobal
